// !$*UTF8*$!
{
	archiveVersion = 1;
	classes = {
	};
	objectVersion = 46;
	objects = {

/* Begin PBXBuildFile section */
		6177FFD019C76AB500873CB2 /* AppDelegate.swift in Sources */ = {isa = PBXBuildFile; fileRef = 6177FFCF19C76AB500873CB2 /* AppDelegate.swift */; };
		6177FFD219C76AB500873CB2 /* ViewController.swift in Sources */ = {isa = PBXBuildFile; fileRef = 6177FFD119C76AB500873CB2 /* ViewController.swift */; };
		6177FFD519C76AB500873CB2 /* Main.storyboard in Resources */ = {isa = PBXBuildFile; fileRef = 6177FFD319C76AB500873CB2 /* Main.storyboard */; };
		6177FFD719C76AB500873CB2 /* Images.xcassets in Resources */ = {isa = PBXBuildFile; fileRef = 6177FFD619C76AB500873CB2 /* Images.xcassets */; };
		6177FFDA19C76AB500873CB2 /* LaunchScreen.xib in Resources */ = {isa = PBXBuildFile; fileRef = 6177FFD819C76AB500873CB2 /* LaunchScreen.xib */; };
		6177FFE619C76AB500873CB2 /* PostcardsTests.swift in Sources */ = {isa = PBXBuildFile; fileRef = 6177FFE519C76AB500873CB2 /* PostcardsTests.swift */; };
/* End PBXBuildFile section */

/* Begin PBXContainerItemProxy section */
		6177FFE019C76AB500873CB2 /* PBXContainerItemProxy */ = {
			isa = PBXContainerItemProxy;
			containerPortal = 6177FFC219C76AB500873CB2 /* Project object */;
			proxyType = 1;
			remoteGlobalIDString = 6177FFC919C76AB500873CB2;
			remoteInfo = Postcards;
		};
/* End PBXContainerItemProxy section */

/* Begin PBXFileReference section */
		6177FFCA19C76AB500873CB2 /* Postcards.app */ = {isa = PBXFileReference; explicitFileType = wrapper.application; includeInIndex = 0; path = Postcards.app; sourceTree = BUILT_PRODUCTS_DIR; };
		6177FFCE19C76AB500873CB2 /* Info.plist */ = {isa = PBXFileReference; lastKnownFileType = text.plist.xml; path = Info.plist; sourceTree = "<group>"; };
		6177FFCF19C76AB500873CB2 /* AppDelegate.swift */ = {isa = PBXFileReference; lastKnownFileType = sourcecode.swift; path = AppDelegate.swift; sourceTree = "<group>"; };
		6177FFD119C76AB500873CB2 /* ViewController.swift */ = {isa = PBXFileReference; lastKnownFileType = sourcecode.swift; path = ViewController.swift; sourceTree = "<group>"; };
		6177FFD419C76AB500873CB2 /* Base */ = {isa = PBXFileReference; lastKnownFileType = file.storyboard; name = Base; path = Base.lproj/Main.storyboard; sourceTree = "<group>"; };
		6177FFD619C76AB500873CB2 /* Images.xcassets */ = {isa = PBXFileReference; lastKnownFileType = folder.assetcatalog; path = Images.xcassets; sourceTree = "<group>"; };
		6177FFD919C76AB500873CB2 /* Base */ = {isa = PBXFileReference; lastKnownFileType = file.xib; name = Base; path = Base.lproj/LaunchScreen.xib; sourceTree = "<group>"; };
		6177FFDF19C76AB500873CB2 /* PostcardsTests.xctest */ = {isa = PBXFileReference; explicitFileType = wrapper.cfbundle; includeInIndex = 0; path = PostcardsTests.xctest; sourceTree = BUILT_PRODUCTS_DIR; };
		6177FFE419C76AB500873CB2 /* Info.plist */ = {isa = PBXFileReference; lastKnownFileType = text.plist.xml; path = Info.plist; sourceTree = "<group>"; };
		6177FFE519C76AB500873CB2 /* PostcardsTests.swift */ = {isa = PBXFileReference; lastKnownFileType = sourcecode.swift; path = PostcardsTests.swift; sourceTree = "<group>"; };
/* End PBXFileReference section */

/* Begin PBXFrameworksBuildPhase section */
		6177FFC719C76AB500873CB2 /* Frameworks */ = {
			isa = PBXFrameworksBuildPhase;
			buildActionMask = 2147483647;
			files = (
			);
			runOnlyForDeploymentPostprocessing = 0;
		};
		6177FFDC19C76AB500873CB2 /* Frameworks */ = {
			isa = PBXFrameworksBuildPhase;
			buildActionMask = 2147483647;
			files = (
			);
			runOnlyForDeploymentPostprocessing = 0;
		};
/* End PBXFrameworksBuildPhase section */

/* Begin PBXGroup section */
		6177FFC119C76AB500873CB2 = {
			isa = PBXGroup;
			children = (
				6177FFCC19C76AB500873CB2 /* Postcards */,
				6177FFE219C76AB500873CB2 /* PostcardsTests */,
				6177FFCB19C76AB500873CB2 /* Products */,
			);
			sourceTree = "<group>";
		};
		6177FFCB19C76AB500873CB2 /* Products */ = {
			isa = PBXGroup;
			children = (
				6177FFCA19C76AB500873CB2 /* Postcards.app */,
				6177FFDF19C76AB500873CB2 /* PostcardsTests.xctest */,
			);
			name = Products;
			sourceTree = "<group>";
		};
		6177FFCC19C76AB500873CB2 /* Postcards */ = {
			isa = PBXGroup;
			children = (
				6177FFCF19C76AB500873CB2 /* AppDelegate.swift */,
				6177FFD119C76AB500873CB2 /* ViewController.swift */,
				6177FFD319C76AB500873CB2 /* Main.storyboard */,
				6177FFD619C76AB500873CB2 /* Images.xcassets */,
				6177FFD819C76AB500873CB2 /* LaunchScreen.xib */,
				6177FFCD19C76AB500873CB2 /* Supporting Files */,
			);
			path = Postcards;
			sourceTree = "<group>";
		};
		6177FFCD19C76AB500873CB2 /* Supporting Files */ = {
			isa = PBXGroup;
			children = (
				6177FFCE19C76AB500873CB2 /* Info.plist */,
			);
			name = "Supporting Files";
			sourceTree = "<group>";
		};
		6177FFE219C76AB500873CB2 /* PostcardsTests */ = {
			isa = PBXGroup;
			children = (
				6177FFE519C76AB500873CB2 /* PostcardsTests.swift */,
				6177FFE319C76AB500873CB2 /* Supporting Files */,
			);
			path = PostcardsTests;
			sourceTree = "<group>";
		};
		6177FFE319C76AB500873CB2 /* Supporting Files */ = {
			isa = PBXGroup;
			children = (
				6177FFE419C76AB500873CB2 /* Info.plist */,
			);
			name = "Supporting Files";
			sourceTree = "<group>";
		};
/* End PBXGroup section */

/* Begin PBXNativeTarget section */
		6177FFC919C76AB500873CB2 /* Postcards */ = {
			isa = PBXNativeTarget;
			buildConfigurationList = 6177FFE919C76AB500873CB2 /* Build configuration list for PBXNativeTarget "Postcards" */;
			buildPhases = (
				6177FFC619C76AB500873CB2 /* Sources */,
				6177FFC719C76AB500873CB2 /* Frameworks */,
				6177FFC819C76AB500873CB2 /* Resources */,
			);
			buildRules = (
			);
			dependencies = (
			);
			name = Postcards;
			productName = Postcards;
			productReference = 6177FFCA19C76AB500873CB2 /* Postcards.app */;
			productType = "com.apple.product-type.application";
		};
		6177FFDE19C76AB500873CB2 /* PostcardsTests */ = {
			isa = PBXNativeTarget;
			buildConfigurationList = 6177FFEC19C76AB500873CB2 /* Build configuration list for PBXNativeTarget "PostcardsTests" */;
			buildPhases = (
				6177FFDB19C76AB500873CB2 /* Sources */,
				6177FFDC19C76AB500873CB2 /* Frameworks */,
				6177FFDD19C76AB500873CB2 /* Resources */,
			);
			buildRules = (
			);
			dependencies = (
				6177FFE119C76AB500873CB2 /* PBXTargetDependency */,
			);
			name = PostcardsTests;
			productName = PostcardsTests;
			productReference = 6177FFDF19C76AB500873CB2 /* PostcardsTests.xctest */;
			productType = "com.apple.product-type.bundle.unit-test";
		};
/* End PBXNativeTarget section */

/* Begin PBXProject section */
		6177FFC219C76AB500873CB2 /* Project object */ = {
			isa = PBXProject;
			attributes = {
				LastUpgradeCheck = 0600;
				ORGANIZATIONNAME = Bitfountain.io;
				TargetAttributes = {
					6177FFC919C76AB500873CB2 = {
						CreatedOnToolsVersion = 6.1;
					};
					6177FFDE19C76AB500873CB2 = {
						CreatedOnToolsVersion = 6.1;
						TestTargetID = 6177FFC919C76AB500873CB2;
					};
				};
			};
			buildConfigurationList = 6177FFC519C76AB500873CB2 /* Build configuration list for PBXProject "Postcards" */;
			compatibilityVersion = "Xcode 3.2";
			developmentRegion = English;
			hasScannedForEncodings = 0;
			knownRegions = (
				en,
				Base,
			);
			mainGroup = 6177FFC119C76AB500873CB2;
			productRefGroup = 6177FFCB19C76AB500873CB2 /* Products */;
			projectDirPath = "";
			projectRoot = "";
			targets = (
				6177FFC919C76AB500873CB2 /* Postcards */,
				6177FFDE19C76AB500873CB2 /* PostcardsTests */,
			);
		};
/* End PBXProject section */

/* Begin PBXResourcesBuildPhase section */
		6177FFC819C76AB500873CB2 /* Resources */ = {
			isa = PBXResourcesBuildPhase;
			buildActionMask = 2147483647;
			files = (
				6177FFD519C76AB500873CB2 /* Main.storyboard in Resources */,
				6177FFDA19C76AB500873CB2 /* LaunchScreen.xib in Resources */,
				6177FFD719C76AB500873CB2 /* Images.xcassets in Resources */,
			);
			runOnlyForDeploymentPostprocessing = 0;
		};
		6177FFDD19C76AB500873CB2 /* Resources */ = {
			isa = PBXResourcesBuildPhase;
			buildActionMask = 2147483647;
			files = (
			);
			runOnlyForDeploymentPostprocessing = 0;
		};
/* End PBXResourcesBuildPhase section */

/* Begin PBXSourcesBuildPhase section */
		6177FFC619C76AB500873CB2 /* Sources */ = {
			isa = PBXSourcesBuildPhase;
			buildActionMask = 2147483647;
			files = (
				6177FFD219C76AB500873CB2 /* ViewController.swift in Sources */,
				6177FFD019C76AB500873CB2 /* AppDelegate.swift in Sources */,
			);
			runOnlyForDeploymentPostprocessing = 0;
		};
		6177FFDB19C76AB500873CB2 /* Sources */ = {
			isa = PBXSourcesBuildPhase;
			buildActionMask = 2147483647;
			files = (
				6177FFE619C76AB500873CB2 /* PostcardsTests.swift in Sources */,
			);
			runOnlyForDeploymentPostprocessing = 0;
		};
/* End PBXSourcesBuildPhase section */

/* Begin PBXTargetDependency section */
		6177FFE119C76AB500873CB2 /* PBXTargetDependency */ = {
			isa = PBXTargetDependency;
			target = 6177FFC919C76AB500873CB2 /* Postcards */;
			targetProxy = 6177FFE019C76AB500873CB2 /* PBXContainerItemProxy */;
		};
/* End PBXTargetDependency section */

/* Begin PBXVariantGroup section */
		6177FFD319C76AB500873CB2 /* Main.storyboard */ = {
			isa = PBXVariantGroup;
			children = (
				6177FFD419C76AB500873CB2 /* Base */,
			);
			name = Main.storyboard;
			sourceTree = "<group>";
		};
		6177FFD819C76AB500873CB2 /* LaunchScreen.xib */ = {
			isa = PBXVariantGroup;
			children = (
				6177FFD919C76AB500873CB2 /* Base */,
			);
			name = LaunchScreen.xib;
			sourceTree = "<group>";
		};
/* End PBXVariantGroup section */

/* Begin XCBuildConfiguration section */
		6177FFE719C76AB500873CB2 /* Debug */ = {
			isa = XCBuildConfiguration;
			buildSettings = {
				ALWAYS_SEARCH_USER_PATHS = NO;
				CLANG_CXX_LANGUAGE_STANDARD = "gnu++0x";
				CLANG_CXX_LIBRARY = "libc++";
				CLANG_ENABLE_MODULES = YES;
				CLANG_ENABLE_OBJC_ARC = YES;
				CLANG_WARN_BOOL_CONVERSION = YES;
				CLANG_WARN_CONSTANT_CONVERSION = YES;
				CLANG_WARN_DIRECT_OBJC_ISA_USAGE = YES_ERROR;
				CLANG_WARN_EMPTY_BODY = YES;
				CLANG_WARN_ENUM_CONVERSION = YES;
				CLANG_WARN_INT_CONVERSION = YES;
				CLANG_WARN_OBJC_ROOT_CLASS = YES_ERROR;
				CLANG_WARN_UNREACHABLE_CODE = YES;
				CLANG_WARN__DUPLICATE_METHOD_MATCH = YES;
				"CODE_SIGN_IDENTITY[sdk=iphoneos*]" = "iPhone Developer";
				COPY_PHASE_STRIP = NO;
				ENABLE_STRICT_OBJC_MSGSEND = YES;
				GCC_C_LANGUAGE_STANDARD = gnu99;
				GCC_DYNAMIC_NO_PIC = NO;
				GCC_OPTIMIZATION_LEVEL = 0;
				GCC_PREPROCESSOR_DEFINITIONS = (
					"DEBUG=1",
					"$(inherited)",
				);
				GCC_SYMBOLS_PRIVATE_EXTERN = NO;
				GCC_WARN_64_TO_32_BIT_CONVERSION = YES;
				GCC_WARN_ABOUT_RETURN_TYPE = YES_ERROR;
				GCC_WARN_UNDECLARED_SELECTOR = YES;
				GCC_WARN_UNINITIALIZED_AUTOS = YES_AGGRESSIVE;
				GCC_WARN_UNUSED_FUNCTION = YES;
				GCC_WARN_UNUSED_VARIABLE = YES;
				IPHONEOS_DEPLOYMENT_TARGET = 8.0;
				MTL_ENABLE_DEBUG_INFO = YES;
				ONLY_ACTIVE_ARCH = YES;
				SDKROOT = iphoneos;
				SWIFT_OPTIMIZATION_LEVEL = "-Onone";
			};
			name = Debug;
		};
		6177FFE819C76AB500873CB2 /* Release */ = {
			isa = XCBuildConfiguration;
			buildSettings = {
				ALWAYS_SEARCH_USER_PATHS = NO;
				CLANG_CXX_LANGUAGE_STANDARD = "gnu++0x";
				CLANG_CXX_LIBRARY = "libc++";
				CLANG_ENABLE_MODULES = YES;
				CLANG_ENABLE_OBJC_ARC = YES;
				CLANG_WARN_BOOL_CONVERSION = YES;
				CLANG_WARN_CONSTANT_CONVERSION = YES;
				CLANG_WARN_DIRECT_OBJC_ISA_USAGE = YES_ERROR;
				CLANG_WARN_EMPTY_BODY = YES;
				CLANG_WARN_ENUM_CONVERSION = YES;
				CLANG_WARN_INT_CONVERSION = YES;
				CLANG_WARN_OBJC_ROOT_CLASS = YES_ERROR;
				CLANG_WARN_UNREACHABLE_CODE = YES;
				CLANG_WARN__DUPLICATE_METHOD_MATCH = YES;
				"CODE_SIGN_IDENTITY[sdk=iphoneos*]" = "iPhone Developer";
				COPY_PHASE_STRIP = YES;
				ENABLE_NS_ASSERTIONS = NO;
				ENABLE_STRICT_OBJC_MSGSEND = YES;
				GCC_C_LANGUAGE_STANDARD = gnu99;
				GCC_WARN_64_TO_32_BIT_CONVERSION = YES;
				GCC_WARN_ABOUT_RETURN_TYPE = YES_ERROR;
				GCC_WARN_UNDECLARED_SELECTOR = YES;
				GCC_WARN_UNINITIALIZED_AUTOS = YES_AGGRESSIVE;
				GCC_WARN_UNUSED_FUNCTION = YES;
				GCC_WARN_UNUSED_VARIABLE = YES;
				IPHONEOS_DEPLOYMENT_TARGET = 8.0;
				MTL_ENABLE_DEBUG_INFO = NO;
				SDKROOT = iphoneos;
				VALIDATE_PRODUCT = YES;
			};
			name = Release;
		};
		6177FFEA19C76AB500873CB2 /* Debug */ = {
			isa = XCBuildConfiguration;
			buildSettings = {
				ASSETCATALOG_COMPILER_APPICON_NAME = AppIcon;
				INFOPLIST_FILE = Postcards/Info.plist;
				LD_RUNPATH_SEARCH_PATHS = "$(inherited) @executable_path/Frameworks";
				PRODUCT_NAME = "$(TARGET_NAME)";
			};
			name = Debug;
		};
		6177FFEB19C76AB500873CB2 /* Release */ = {
			isa = XCBuildConfiguration;
			buildSettings = {
				ASSETCATALOG_COMPILER_APPICON_NAME = AppIcon;
				INFOPLIST_FILE = Postcards/Info.plist;
				LD_RUNPATH_SEARCH_PATHS = "$(inherited) @executable_path/Frameworks";
				PRODUCT_NAME = "$(TARGET_NAME)";
			};
			name = Release;
		};
		6177FFED19C76AB500873CB2 /* Debug */ = {
			isa = XCBuildConfiguration;
			buildSettings = {
				BUNDLE_LOADER = "$(TEST_HOST)";
				FRAMEWORK_SEARCH_PATHS = (
					"$(SDKROOT)/Developer/Library/Frameworks",
					"$(inherited)",
				);
				GCC_PREPROCESSOR_DEFINITIONS = (
					"DEBUG=1",
					"$(inherited)",
				);
				INFOPLIST_FILE = PostcardsTests/Info.plist;
				LD_RUNPATH_SEARCH_PATHS = "$(inherited) @executable_path/Frameworks @loader_path/Frameworks";
				PRODUCT_NAME = "$(TARGET_NAME)";
				TEST_HOST = "$(BUILT_PRODUCTS_DIR)/Postcards.app/Postcards";
			};
			name = Debug;
		};
		6177FFEE19C76AB500873CB2 /* Release */ = {
			isa = XCBuildConfiguration;
			buildSettings = {
				BUNDLE_LOADER = "$(TEST_HOST)";
				FRAMEWORK_SEARCH_PATHS = (
					"$(SDKROOT)/Developer/Library/Frameworks",
					"$(inherited)",
				);
				INFOPLIST_FILE = PostcardsTests/Info.plist;
				LD_RUNPATH_SEARCH_PATHS = "$(inherited) @executable_path/Frameworks @loader_path/Frameworks";
				PRODUCT_NAME = "$(TARGET_NAME)";
				TEST_HOST = "$(BUILT_PRODUCTS_DIR)/Postcards.app/Postcards";
			};
			name = Release;
		};
/* End XCBuildConfiguration section */

/* Begin XCConfigurationList section */
		6177FFC519C76AB500873CB2 /* Build configuration list for PBXProject "Postcards" */ = {
			isa = XCConfigurationList;
			buildConfigurations = (
				6177FFE719C76AB500873CB2 /* Debug */,
				6177FFE819C76AB500873CB2 /* Release */,
			);
			defaultConfigurationIsVisible = 0;
			defaultConfigurationName = Release;
		};
		6177FFE919C76AB500873CB2 /* Build configuration list for PBXNativeTarget "Postcards" */ = {
			isa = XCConfigurationList;
			buildConfigurations = (
				6177FFEA19C76AB500873CB2 /* Debug */,
				6177FFEB19C76AB500873CB2 /* Release */,
			);
			defaultConfigurationIsVisible = 0;
		};
		6177FFEC19C76AB500873CB2 /* Build configuration list for PBXNativeTarget "PostcardsTests" */ = {
			isa = XCConfigurationList;
			buildConfigurations = (
				6177FFED19C76AB500873CB2 /* Debug */,
				6177FFEE19C76AB500873CB2 /* Release */,
			);
			defaultConfigurationIsVisible = 0;
		};
/* End XCConfigurationList section */
	};
	rootObject = 6177FFC219C76AB500873CB2 /* Project object */;
}
